
Microsoft Visual Studio Solution File, Format Version 12.00
# Visual Studio Version 17
VisualStudioVersion = 17.9.34607.119
MinimumVisualStudioVersion = 10.0.40219.1
Project("{FAE04EC0-301F-11D3-BF4B-00C04F79EFBC}") = "Vistas", "Gestor-de-Turnos\Vistas.csproj", "{AE396A3D-F007-431C-B224-12B5CE466C20}"
EndProject
Project("{FAE04EC0-301F-11D3-BF4B-00C04F79EFBC}") = "Dominio", "Dominio\Dominio.csproj", "{6F42C3A0-4F82-4150-A246-94F64C408878}"
EndProject
Project("{FAE04EC0-301F-11D3-BF4B-00C04F79EFBC}") = "Negocio", "Negocio\Negocio.csproj", "{C5E2C716-01C0-4D5C-B91B-B36CC10E9424}"
EndProject
Global
	GlobalSection(SolutionConfigurationPlatforms) = preSolution
		Debug|Any CPU = Debug|Any CPU
		Release|Any CPU = Release|Any CPU
	EndGlobalSection
	GlobalSection(ProjectConfigurationPlatforms) = postSolution
		{AE396A3D-F007-431C-B224-12B5CE466C20}.Debug|Any CPU.ActiveCfg = Debug|Any CPU
		{AE396A3D-F007-431C-B224-12B5CE466C20}.Debug|Any CPU.Build.0 = Debug|Any CPU
		{AE396A3D-F007-431C-B224-12B5CE466C20}.Release|Any CPU.ActiveCfg = Release|Any CPU
		{AE396A3D-F007-431C-B224-12B5CE466C20}.Release|Any CPU.Build.0 = Release|Any CPU
		{6F42C3A0-4F82-4150-A246-94F64C408878}.Debug|Any CPU.ActiveCfg = Debug|Any CPU
		{6F42C3A0-4F82-4150-A246-94F64C408878}.Debug|Any CPU.Build.0 = Debug|Any CPU
		{6F42C3A0-4F82-4150-A246-94F64C408878}.Release|Any CPU.ActiveCfg = Release|Any CPU
		{6F42C3A0-4F82-4150-A246-94F64C408878}.Release|Any CPU.Build.0 = Release|Any CPU
		{C5E2C716-01C0-4D5C-B91B-B36CC10E9424}.Debug|Any CPU.ActiveCfg = Debug|Any CPU
		{C5E2C716-01C0-4D5C-B91B-B36CC10E9424}.Debug|Any CPU.Build.0 = Debug|Any CPU
		{C5E2C716-01C0-4D5C-B91B-B36CC10E9424}.Release|Any CPU.ActiveCfg = Release|Any CPU
		{C5E2C716-01C0-4D5C-B91B-B36CC10E9424}.Release|Any CPU.Build.0 = Release|Any CPU
	EndGlobalSection
	GlobalSection(SolutionProperties) = preSolution
		HideSolutionNode = FALSE
	EndGlobalSection
	GlobalSection(ExtensibilityGlobals) = postSolution
		SolutionGuid = {D53C0906-E87E-48DB-8EF2-12EBCDB6F724}
	EndGlobalSection
EndGlobal
